
Microsoft Visual Studio Solution File, Format Version 12.00
# Visual Studio Version 16
VisualStudioVersion = 16.0.30907.101
MinimumVisualStudioVersion = 10.0.40219.1
Project("{FAE04EC0-301F-11D3-BF4B-00C04F79EFBC}") = "ConfigurationReader", "ConfigurationReader.csproj", "{C9C1FD63-099F-45AC-82B5-B19F18DF3FBA}"
EndProject
Global
	GlobalSection(SolutionConfigurationPlatforms) = preSolution
		Debug|Any CPU = Debug|Any CPU
		Release|Any CPU = Release|Any CPU
	EndGlobalSection
	GlobalSection(ProjectConfigurationPlatforms) = postSolution
		{C9C1FD63-099F-45AC-82B5-B19F18DF3FBA}.Debug|Any CPU.ActiveCfg = Debug|Any CPU
		{C9C1FD63-099F-45AC-82B5-B19F18DF3FBA}.Debug|Any CPU.Build.0 = Debug|Any CPU
		{C9C1FD63-099F-45AC-82B5-B19F18DF3FBA}.Release|Any CPU.ActiveCfg = Release|Any CPU
		{C9C1FD63-099F-45AC-82B5-B19F18DF3FBA}.Release|Any CPU.Build.0 = Release|Any CPU
	EndGlobalSection
	GlobalSection(SolutionProperties) = preSolution
		HideSolutionNode = FALSE
	EndGlobalSection
	GlobalSection(ExtensibilityGlobals) = postSolution
		SolutionGuid = {67694C06-8D35-4DB4-A9DD-BEE8AA050B19}
	EndGlobalSection
EndGlobal
